
Microsoft Visual Studio Solution File, Format Version 12.00
# Visual Studio 15
VisualStudioVersion = 15.0.26228.4
MinimumVisualStudioVersion = 10.0.40219.1
Project("{FAE04EC0-301F-11D3-BF4B-00C04F79EFBC}") = "Zeldomizer", "Zeldomizer\Zeldomizer.csproj", "{30395D74-57C4-4188-8FCC-212ED843A983}"
EndProject
Project("{FAE04EC0-301F-11D3-BF4B-00C04F79EFBC}") = "Zeldomizer.Test", "Zeldomizer.Test\Zeldomizer.Test.csproj", "{D6031DF4-A4FF-4508-9AA5-55D0C43ABF26}"
EndProject
Project("{F2A71F9B-5D33-465A-A702-920D77279786}") = "Breadbox", "Breadbox\Breadbox.fsproj", "{AA8601C2-2F4E-4720-8868-297745913A14}"
EndProject
Project("{FAE04EC0-301F-11D3-BF4B-00C04F79EFBC}") = "Breadbox.Test", "Breadbox.Test\Breadbox.Test.csproj", "{B4A2FC78-B16A-48A9-AB04-18AE3AE233E1}"
EndProject
Project("{FAE04EC0-301F-11D3-BF4B-00C04F79EFBC}") = "Disaster", "Disaster\Disaster.csproj", "{2EE7A459-7EF4-4105-9FD6-4F8EF6689C1E}"
EndProject
Project("{FAE04EC0-301F-11D3-BF4B-00C04F79EFBC}") = "Disaster.Test", "Disaster.Test\Disaster.Test.csproj", "{CA8DA970-E0B8-4B51-A262-A6776B01AAAF}"
EndProject
Project("{2150E333-8FDC-42A3-9474-1A3956D46DE8}") = "Solution Items", "Solution Items", "{A75ACC5F-0914-4AE0-893F-C6CE61209C32}"
	ProjectSection(SolutionItems) = preProject
		LICENSE = LICENSE
		README.md = README.md
	EndProjectSection
EndProject
Global
	GlobalSection(SolutionConfigurationPlatforms) = preSolution
		Debug|Any CPU = Debug|Any CPU
		Release|Any CPU = Release|Any CPU
	EndGlobalSection
	GlobalSection(ProjectConfigurationPlatforms) = postSolution
		{30395D74-57C4-4188-8FCC-212ED843A983}.Debug|Any CPU.ActiveCfg = Debug|Any CPU
		{30395D74-57C4-4188-8FCC-212ED843A983}.Debug|Any CPU.Build.0 = Debug|Any CPU
		{30395D74-57C4-4188-8FCC-212ED843A983}.Release|Any CPU.ActiveCfg = Release|Any CPU
		{30395D74-57C4-4188-8FCC-212ED843A983}.Release|Any CPU.Build.0 = Release|Any CPU
		{D6031DF4-A4FF-4508-9AA5-55D0C43ABF26}.Debug|Any CPU.ActiveCfg = Debug|Any CPU
		{D6031DF4-A4FF-4508-9AA5-55D0C43ABF26}.Debug|Any CPU.Build.0 = Debug|Any CPU
		{D6031DF4-A4FF-4508-9AA5-55D0C43ABF26}.Release|Any CPU.ActiveCfg = Release|Any CPU
		{D6031DF4-A4FF-4508-9AA5-55D0C43ABF26}.Release|Any CPU.Build.0 = Release|Any CPU
		{AA8601C2-2F4E-4720-8868-297745913A14}.Debug|Any CPU.ActiveCfg = Release|Any CPU
		{AA8601C2-2F4E-4720-8868-297745913A14}.Debug|Any CPU.Build.0 = Release|Any CPU
		{AA8601C2-2F4E-4720-8868-297745913A14}.Release|Any CPU.ActiveCfg = Release|Any CPU
		{AA8601C2-2F4E-4720-8868-297745913A14}.Release|Any CPU.Build.0 = Release|Any CPU
		{B4A2FC78-B16A-48A9-AB04-18AE3AE233E1}.Debug|Any CPU.ActiveCfg = Debug|Any CPU
		{B4A2FC78-B16A-48A9-AB04-18AE3AE233E1}.Debug|Any CPU.Build.0 = Debug|Any CPU
		{B4A2FC78-B16A-48A9-AB04-18AE3AE233E1}.Release|Any CPU.ActiveCfg = Release|Any CPU
		{B4A2FC78-B16A-48A9-AB04-18AE3AE233E1}.Release|Any CPU.Build.0 = Release|Any CPU
		{2EE7A459-7EF4-4105-9FD6-4F8EF6689C1E}.Debug|Any CPU.ActiveCfg = Debug|Any CPU
		{2EE7A459-7EF4-4105-9FD6-4F8EF6689C1E}.Debug|Any CPU.Build.0 = Debug|Any CPU
		{2EE7A459-7EF4-4105-9FD6-4F8EF6689C1E}.Release|Any CPU.ActiveCfg = Release|Any CPU
		{2EE7A459-7EF4-4105-9FD6-4F8EF6689C1E}.Release|Any CPU.Build.0 = Release|Any CPU
		{CA8DA970-E0B8-4B51-A262-A6776B01AAAF}.Debug|Any CPU.ActiveCfg = Debug|Any CPU
		{CA8DA970-E0B8-4B51-A262-A6776B01AAAF}.Debug|Any CPU.Build.0 = Debug|Any CPU
		{CA8DA970-E0B8-4B51-A262-A6776B01AAAF}.Release|Any CPU.ActiveCfg = Release|Any CPU
		{CA8DA970-E0B8-4B51-A262-A6776B01AAAF}.Release|Any CPU.Build.0 = Release|Any CPU
	EndGlobalSection
	GlobalSection(SolutionProperties) = preSolution
		HideSolutionNode = FALSE
	EndGlobalSection
EndGlobal
